// !$*UTF8*$!
{
	archiveVersion = 1;
	classes = {
	};
	objectVersion = 46;
	objects = {

/* Begin PBXBuildFile section */
		A818A3A8193E45170030827B /* UserAnnotationView.swift in Sources */ = {isa = PBXBuildFile; fileRef = A818A3A7193E45170030827B /* UserAnnotationView.swift */; };
		A818A3AC193E63A30030827B /* brian_profile.jpg in Resources */ = {isa = PBXBuildFile; fileRef = A818A3A9193E63A30030827B /* brian_profile.jpg */; };
		A818A3AD193E63A30030827B /* dropperblue.png in Resources */ = {isa = PBXBuildFile; fileRef = A818A3AA193E63A30030827B /* dropperblue.png */; };
		A818A3AE193E63A30030827B /* dropperblue@2x.png in Resources */ = {isa = PBXBuildFile; fileRef = A818A3AB193E63A30030827B /* dropperblue@2x.png */; };
		A861FF77193E0F7800247AC8 /* AppDelegate.swift in Sources */ = {isa = PBXBuildFile; fileRef = A861FF76193E0F7800247AC8 /* AppDelegate.swift */; };
		A861FF79193E0F7800247AC8 /* Images.xcassets in Resources */ = {isa = PBXBuildFile; fileRef = A861FF78193E0F7800247AC8 /* Images.xcassets */; };
		A861FF85193E0F7800247AC8 /* WhereBrianAtSwiftTests.swift in Sources */ = {isa = PBXBuildFile; fileRef = A861FF84193E0F7800247AC8 /* WhereBrianAtSwiftTests.swift */; };
		A861FF8F193E0FB500247AC8 /* MapViewController.swift in Sources */ = {isa = PBXBuildFile; fileRef = A861FF8E193E0FB500247AC8 /* MapViewController.swift */; };
		A861FFA6193E315900247AC8 /* AFHTTPRequestOperation.m in Sources */ = {isa = PBXBuildFile; fileRef = A861FF94193E315900247AC8 /* AFHTTPRequestOperation.m */; };
		A861FFA7193E315900247AC8 /* AFHTTPRequestOperationManager.m in Sources */ = {isa = PBXBuildFile; fileRef = A861FF96193E315900247AC8 /* AFHTTPRequestOperationManager.m */; };
		A861FFA8193E315900247AC8 /* AFHTTPSessionManager.m in Sources */ = {isa = PBXBuildFile; fileRef = A861FF98193E315900247AC8 /* AFHTTPSessionManager.m */; };
		A861FFA9193E315900247AC8 /* AFNetworkReachabilityManager.m in Sources */ = {isa = PBXBuildFile; fileRef = A861FF9B193E315900247AC8 /* AFNetworkReachabilityManager.m */; };
		A861FFAA193E315900247AC8 /* AFSecurityPolicy.m in Sources */ = {isa = PBXBuildFile; fileRef = A861FF9D193E315900247AC8 /* AFSecurityPolicy.m */; };
		A861FFAB193E315900247AC8 /* AFURLConnectionOperation.m in Sources */ = {isa = PBXBuildFile; fileRef = A861FF9F193E315900247AC8 /* AFURLConnectionOperation.m */; };
		A861FFAC193E315900247AC8 /* AFURLRequestSerialization.m in Sources */ = {isa = PBXBuildFile; fileRef = A861FFA1193E315900247AC8 /* AFURLRequestSerialization.m */; };
		A861FFAD193E315900247AC8 /* AFURLResponseSerialization.m in Sources */ = {isa = PBXBuildFile; fileRef = A861FFA3193E315900247AC8 /* AFURLResponseSerialization.m */; };
		A861FFAE193E315900247AC8 /* AFURLSessionManager.m in Sources */ = {isa = PBXBuildFile; fileRef = A861FFA5193E315900247AC8 /* AFURLSessionManager.m */; };
/* End PBXBuildFile section */

/* Begin PBXContainerItemProxy section */
		A861FF7F193E0F7800247AC8 /* PBXContainerItemProxy */ = {
			isa = PBXContainerItemProxy;
			containerPortal = A861FF69193E0F7800247AC8 /* Project object */;
			proxyType = 1;
			remoteGlobalIDString = A861FF70193E0F7800247AC8;
			remoteInfo = WhereBrianAtSwift;
		};
/* End PBXContainerItemProxy section */

/* Begin PBXFileReference section */
		A818A3A7193E45170030827B /* UserAnnotationView.swift */ = {isa = PBXFileReference; fileEncoding = 4; lastKnownFileType = sourcecode.swift; path = UserAnnotationView.swift; sourceTree = "<group>"; };
		A818A3A9193E63A30030827B /* brian_profile.jpg */ = {isa = PBXFileReference; lastKnownFileType = image.jpeg; path = brian_profile.jpg; sourceTree = "<group>"; };
		A818A3AA193E63A30030827B /* dropperblue.png */ = {isa = PBXFileReference; lastKnownFileType = image.png; path = dropperblue.png; sourceTree = "<group>"; };
		A818A3AB193E63A30030827B /* dropperblue@2x.png */ = {isa = PBXFileReference; lastKnownFileType = image.png; path = "dropperblue@2x.png"; sourceTree = "<group>"; };
		A861FF71193E0F7800247AC8 /* WhereBrianAtSwift.app */ = {isa = PBXFileReference; explicitFileType = wrapper.application; includeInIndex = 0; path = WhereBrianAtSwift.app; sourceTree = BUILT_PRODUCTS_DIR; };
		A861FF75193E0F7800247AC8 /* Info.plist */ = {isa = PBXFileReference; lastKnownFileType = text.plist.xml; path = Info.plist; sourceTree = "<group>"; };
		A861FF76193E0F7800247AC8 /* AppDelegate.swift */ = {isa = PBXFileReference; lastKnownFileType = sourcecode.swift; path = AppDelegate.swift; sourceTree = "<group>"; };
		A861FF78193E0F7800247AC8 /* Images.xcassets */ = {isa = PBXFileReference; lastKnownFileType = folder.assetcatalog; path = Images.xcassets; sourceTree = "<group>"; };
		A861FF7E193E0F7800247AC8 /* WhereBrianAtSwiftTests.xctest */ = {isa = PBXFileReference; explicitFileType = wrapper.cfbundle; includeInIndex = 0; path = WhereBrianAtSwiftTests.xctest; sourceTree = BUILT_PRODUCTS_DIR; };
		A861FF83193E0F7800247AC8 /* Info.plist */ = {isa = PBXFileReference; lastKnownFileType = text.plist.xml; path = Info.plist; sourceTree = "<group>"; };
		A861FF84193E0F7800247AC8 /* WhereBrianAtSwiftTests.swift */ = {isa = PBXFileReference; lastKnownFileType = sourcecode.swift; path = WhereBrianAtSwiftTests.swift; sourceTree = "<group>"; };
		A861FF8E193E0FB500247AC8 /* MapViewController.swift */ = {isa = PBXFileReference; fileEncoding = 4; lastKnownFileType = sourcecode.swift; path = MapViewController.swift; sourceTree = "<group>"; };
		A861FF92193E315800247AC8 /* WhereBrianAtSwift-Bridging-Header.h */ = {isa = PBXFileReference; lastKnownFileType = sourcecode.c.h; path = "WhereBrianAtSwift-Bridging-Header.h"; sourceTree = "<group>"; };
		A861FF93193E315900247AC8 /* AFHTTPRequestOperation.h */ = {isa = PBXFileReference; fileEncoding = 4; lastKnownFileType = sourcecode.c.h; path = AFHTTPRequestOperation.h; sourceTree = "<group>"; };
		A861FF94193E315900247AC8 /* AFHTTPRequestOperation.m */ = {isa = PBXFileReference; fileEncoding = 4; lastKnownFileType = sourcecode.c.objc; path = AFHTTPRequestOperation.m; sourceTree = "<group>"; };
		A861FF95193E315900247AC8 /* AFHTTPRequestOperationManager.h */ = {isa = PBXFileReference; fileEncoding = 4; lastKnownFileType = sourcecode.c.h; path = AFHTTPRequestOperationManager.h; sourceTree = "<group>"; };
		A861FF96193E315900247AC8 /* AFHTTPRequestOperationManager.m */ = {isa = PBXFileReference; fileEncoding = 4; lastKnownFileType = sourcecode.c.objc; path = AFHTTPRequestOperationManager.m; sourceTree = "<group>"; };
		A861FF97193E315900247AC8 /* AFHTTPSessionManager.h */ = {isa = PBXFileReference; fileEncoding = 4; lastKnownFileType = sourcecode.c.h; path = AFHTTPSessionManager.h; sourceTree = "<group>"; };
		A861FF98193E315900247AC8 /* AFHTTPSessionManager.m */ = {isa = PBXFileReference; fileEncoding = 4; lastKnownFileType = sourcecode.c.objc; path = AFHTTPSessionManager.m; sourceTree = "<group>"; };
		A861FF99193E315900247AC8 /* AFNetworking.h */ = {isa = PBXFileReference; fileEncoding = 4; lastKnownFileType = sourcecode.c.h; path = AFNetworking.h; sourceTree = "<group>"; };
		A861FF9A193E315900247AC8 /* AFNetworkReachabilityManager.h */ = {isa = PBXFileReference; fileEncoding = 4; lastKnownFileType = sourcecode.c.h; path = AFNetworkReachabilityManager.h; sourceTree = "<group>"; };
		A861FF9B193E315900247AC8 /* AFNetworkReachabilityManager.m */ = {isa = PBXFileReference; fileEncoding = 4; lastKnownFileType = sourcecode.c.objc; path = AFNetworkReachabilityManager.m; sourceTree = "<group>"; };
		A861FF9C193E315900247AC8 /* AFSecurityPolicy.h */ = {isa = PBXFileReference; fileEncoding = 4; lastKnownFileType = sourcecode.c.h; path = AFSecurityPolicy.h; sourceTree = "<group>"; };
		A861FF9D193E315900247AC8 /* AFSecurityPolicy.m */ = {isa = PBXFileReference; fileEncoding = 4; lastKnownFileType = sourcecode.c.objc; path = AFSecurityPolicy.m; sourceTree = "<group>"; };
		A861FF9E193E315900247AC8 /* AFURLConnectionOperation.h */ = {isa = PBXFileReference; fileEncoding = 4; lastKnownFileType = sourcecode.c.h; path = AFURLConnectionOperation.h; sourceTree = "<group>"; };
		A861FF9F193E315900247AC8 /* AFURLConnectionOperation.m */ = {isa = PBXFileReference; fileEncoding = 4; lastKnownFileType = sourcecode.c.objc; path = AFURLConnectionOperation.m; sourceTree = "<group>"; };
		A861FFA0193E315900247AC8 /* AFURLRequestSerialization.h */ = {isa = PBXFileReference; fileEncoding = 4; lastKnownFileType = sourcecode.c.h; path = AFURLRequestSerialization.h; sourceTree = "<group>"; };
		A861FFA1193E315900247AC8 /* AFURLRequestSerialization.m */ = {isa = PBXFileReference; fileEncoding = 4; lastKnownFileType = sourcecode.c.objc; path = AFURLRequestSerialization.m; sourceTree = "<group>"; };
		A861FFA2193E315900247AC8 /* AFURLResponseSerialization.h */ = {isa = PBXFileReference; fileEncoding = 4; lastKnownFileType = sourcecode.c.h; path = AFURLResponseSerialization.h; sourceTree = "<group>"; };
		A861FFA3193E315900247AC8 /* AFURLResponseSerialization.m */ = {isa = PBXFileReference; fileEncoding = 4; lastKnownFileType = sourcecode.c.objc; path = AFURLResponseSerialization.m; sourceTree = "<group>"; };
		A861FFA4193E315900247AC8 /* AFURLSessionManager.h */ = {isa = PBXFileReference; fileEncoding = 4; lastKnownFileType = sourcecode.c.h; path = AFURLSessionManager.h; sourceTree = "<group>"; };
		A861FFA5193E315900247AC8 /* AFURLSessionManager.m */ = {isa = PBXFileReference; fileEncoding = 4; lastKnownFileType = sourcecode.c.objc; path = AFURLSessionManager.m; sourceTree = "<group>"; };
/* End PBXFileReference section */

/* Begin PBXFrameworksBuildPhase section */
		A861FF6E193E0F7800247AC8 /* Frameworks */ = {
			isa = PBXFrameworksBuildPhase;
			buildActionMask = 2147483647;
			files = (
			);
			runOnlyForDeploymentPostprocessing = 0;
		};
		A861FF7B193E0F7800247AC8 /* Frameworks */ = {
			isa = PBXFrameworksBuildPhase;
			buildActionMask = 2147483647;
			files = (
			);
			runOnlyForDeploymentPostprocessing = 0;
		};
/* End PBXFrameworksBuildPhase section */

/* Begin PBXGroup section */
		A861FF68193E0F7800247AC8 = {
			isa = PBXGroup;
			children = (
				A861FF73193E0F7800247AC8 /* WhereBrianAtSwift */,
				A861FF81193E0F7800247AC8 /* WhereBrianAtSwiftTests */,
				A861FF72193E0F7800247AC8 /* Products */,
			);
			sourceTree = "<group>";
		};
		A861FF72193E0F7800247AC8 /* Products */ = {
			isa = PBXGroup;
			children = (
				A861FF71193E0F7800247AC8 /* WhereBrianAtSwift.app */,
				A861FF7E193E0F7800247AC8 /* WhereBrianAtSwiftTests.xctest */,
			);
			name = Products;
			sourceTree = "<group>";
		};
		A861FF73193E0F7800247AC8 /* WhereBrianAtSwift */ = {
			isa = PBXGroup;
			children = (
				A861FF76193E0F7800247AC8 /* AppDelegate.swift */,
				A861FF78193E0F7800247AC8 /* Images.xcassets */,
				A861FF74193E0F7800247AC8 /* Supporting Files */,
				A861FF8E193E0FB500247AC8 /* MapViewController.swift */,
				A818A3A7193E45170030827B /* UserAnnotationView.swift */,
				A818A3A9193E63A30030827B /* brian_profile.jpg */,
				A818A3AA193E63A30030827B /* dropperblue.png */,
				A818A3AB193E63A30030827B /* dropperblue@2x.png */,
				A861FF91193E314500247AC8 /* AFNetworking */,
			);
			path = WhereBrianAtSwift;
			sourceTree = "<group>";
		};
		A861FF74193E0F7800247AC8 /* Supporting Files */ = {
			isa = PBXGroup;
			children = (
				A861FF75193E0F7800247AC8 /* Info.plist */,
			);
			name = "Supporting Files";
			sourceTree = "<group>";
		};
		A861FF81193E0F7800247AC8 /* WhereBrianAtSwiftTests */ = {
			isa = PBXGroup;
			children = (
				A861FF84193E0F7800247AC8 /* WhereBrianAtSwiftTests.swift */,
				A861FF82193E0F7800247AC8 /* Supporting Files */,
			);
			path = WhereBrianAtSwiftTests;
			sourceTree = "<group>";
		};
		A861FF82193E0F7800247AC8 /* Supporting Files */ = {
			isa = PBXGroup;
			children = (
				A861FF83193E0F7800247AC8 /* Info.plist */,
			);
			name = "Supporting Files";
			sourceTree = "<group>";
		};
		A861FF91193E314500247AC8 /* AFNetworking */ = {
			isa = PBXGroup;
			children = (
				A861FF93193E315900247AC8 /* AFHTTPRequestOperation.h */,
				A861FF94193E315900247AC8 /* AFHTTPRequestOperation.m */,
				A861FF95193E315900247AC8 /* AFHTTPRequestOperationManager.h */,
				A861FF96193E315900247AC8 /* AFHTTPRequestOperationManager.m */,
				A861FF97193E315900247AC8 /* AFHTTPSessionManager.h */,
				A861FF98193E315900247AC8 /* AFHTTPSessionManager.m */,
				A861FF99193E315900247AC8 /* AFNetworking.h */,
				A861FF9A193E315900247AC8 /* AFNetworkReachabilityManager.h */,
				A861FF9B193E315900247AC8 /* AFNetworkReachabilityManager.m */,
				A861FF9C193E315900247AC8 /* AFSecurityPolicy.h */,
				A861FF9D193E315900247AC8 /* AFSecurityPolicy.m */,
				A861FF9E193E315900247AC8 /* AFURLConnectionOperation.h */,
				A861FF9F193E315900247AC8 /* AFURLConnectionOperation.m */,
				A861FFA0193E315900247AC8 /* AFURLRequestSerialization.h */,
				A861FFA1193E315900247AC8 /* AFURLRequestSerialization.m */,
				A861FFA2193E315900247AC8 /* AFURLResponseSerialization.h */,
				A861FFA3193E315900247AC8 /* AFURLResponseSerialization.m */,
				A861FFA4193E315900247AC8 /* AFURLSessionManager.h */,
				A861FFA5193E315900247AC8 /* AFURLSessionManager.m */,
				A861FF92193E315800247AC8 /* WhereBrianAtSwift-Bridging-Header.h */,
			);
			name = AFNetworking;
			sourceTree = "<group>";
		};
/* End PBXGroup section */

/* Begin PBXNativeTarget section */
		A861FF70193E0F7800247AC8 /* WhereBrianAtSwift */ = {
			isa = PBXNativeTarget;
			buildConfigurationList = A861FF88193E0F7800247AC8 /* Build configuration list for PBXNativeTarget "WhereBrianAtSwift" */;
			buildPhases = (
				A861FF6D193E0F7800247AC8 /* Sources */,
				A861FF6E193E0F7800247AC8 /* Frameworks */,
				A861FF6F193E0F7800247AC8 /* Resources */,
			);
			buildRules = (
			);
			dependencies = (
			);
			name = WhereBrianAtSwift;
			productName = WhereBrianAtSwift;
			productReference = A861FF71193E0F7800247AC8 /* WhereBrianAtSwift.app */;
			productType = "com.apple.product-type.application";
		};
		A861FF7D193E0F7800247AC8 /* WhereBrianAtSwiftTests */ = {
			isa = PBXNativeTarget;
			buildConfigurationList = A861FF8B193E0F7800247AC8 /* Build configuration list for PBXNativeTarget "WhereBrianAtSwiftTests" */;
			buildPhases = (
				A861FF7A193E0F7800247AC8 /* Sources */,
				A861FF7B193E0F7800247AC8 /* Frameworks */,
				A861FF7C193E0F7800247AC8 /* Resources */,
			);
			buildRules = (
			);
			dependencies = (
				A861FF80193E0F7800247AC8 /* PBXTargetDependency */,
			);
			name = WhereBrianAtSwiftTests;
			productName = WhereBrianAtSwiftTests;
			productReference = A861FF7E193E0F7800247AC8 /* WhereBrianAtSwiftTests.xctest */;
			productType = "com.apple.product-type.bundle.unit-test";
		};
/* End PBXNativeTarget section */

/* Begin PBXProject section */
		A861FF69193E0F7800247AC8 /* Project object */ = {
			isa = PBXProject;
			attributes = {
				LastUpgradeCheck = 0600;
				ORGANIZATIONNAME = "Brian Donohue";
				TargetAttributes = {
					A861FF70193E0F7800247AC8 = {
						CreatedOnToolsVersion = 6.0;
					};
					A861FF7D193E0F7800247AC8 = {
						CreatedOnToolsVersion = 6.0;
						TestTargetID = A861FF70193E0F7800247AC8;
					};
				};
			};
			buildConfigurationList = A861FF6C193E0F7800247AC8 /* Build configuration list for PBXProject "WhereBrianAtSwift" */;
			compatibilityVersion = "Xcode 3.2";
			developmentRegion = English;
			hasScannedForEncodings = 0;
			knownRegions = (
				en,
			);
			mainGroup = A861FF68193E0F7800247AC8;
			productRefGroup = A861FF72193E0F7800247AC8 /* Products */;
			projectDirPath = "";
			projectRoot = "";
			targets = (
				A861FF70193E0F7800247AC8 /* WhereBrianAtSwift */,
				A861FF7D193E0F7800247AC8 /* WhereBrianAtSwiftTests */,
			);
		};
/* End PBXProject section */

/* Begin PBXResourcesBuildPhase section */
		A861FF6F193E0F7800247AC8 /* Resources */ = {
			isa = PBXResourcesBuildPhase;
			buildActionMask = 2147483647;
			files = (
				A818A3AC193E63A30030827B /* brian_profile.jpg in Resources */,
				A818A3AD193E63A30030827B /* dropperblue.png in Resources */,
				A861FF79193E0F7800247AC8 /* Images.xcassets in Resources */,
				A818A3AE193E63A30030827B /* dropperblue@2x.png in Resources */,
			);
			runOnlyForDeploymentPostprocessing = 0;
		};
		A861FF7C193E0F7800247AC8 /* Resources */ = {
			isa = PBXResourcesBuildPhase;
			buildActionMask = 2147483647;
			files = (
			);
			runOnlyForDeploymentPostprocessing = 0;
		};
/* End PBXResourcesBuildPhase section */

/* Begin PBXSourcesBuildPhase section */
		A861FF6D193E0F7800247AC8 /* Sources */ = {
			isa = PBXSourcesBuildPhase;
			buildActionMask = 2147483647;
			files = (
				A818A3A8193E45170030827B /* UserAnnotationView.swift in Sources */,
				A861FFAC193E315900247AC8 /* AFURLRequestSerialization.m in Sources */,
				A861FFAB193E315900247AC8 /* AFURLConnectionOperation.m in Sources */,
				A861FFAA193E315900247AC8 /* AFSecurityPolicy.m in Sources */,
				A861FFA6193E315900247AC8 /* AFHTTPRequestOperation.m in Sources */,
				A861FFAE193E315900247AC8 /* AFURLSessionManager.m in Sources */,
				A861FFAD193E315900247AC8 /* AFURLResponseSerialization.m in Sources */,
				A861FF77193E0F7800247AC8 /* AppDelegate.swift in Sources */,
				A861FFA8193E315900247AC8 /* AFHTTPSessionManager.m in Sources */,
				A861FFA7193E315900247AC8 /* AFHTTPRequestOperationManager.m in Sources */,
				A861FFA9193E315900247AC8 /* AFNetworkReachabilityManager.m in Sources */,
				A861FF8F193E0FB500247AC8 /* MapViewController.swift in Sources */,
			);
			runOnlyForDeploymentPostprocessing = 0;
		};
		A861FF7A193E0F7800247AC8 /* Sources */ = {
			isa = PBXSourcesBuildPhase;
			buildActionMask = 2147483647;
			files = (
				A861FF85193E0F7800247AC8 /* WhereBrianAtSwiftTests.swift in Sources */,
			);
			runOnlyForDeploymentPostprocessing = 0;
		};
/* End PBXSourcesBuildPhase section */

/* Begin PBXTargetDependency section */
		A861FF80193E0F7800247AC8 /* PBXTargetDependency */ = {
			isa = PBXTargetDependency;
			target = A861FF70193E0F7800247AC8 /* WhereBrianAtSwift */;
			targetProxy = A861FF7F193E0F7800247AC8 /* PBXContainerItemProxy */;
		};
/* End PBXTargetDependency section */

/* Begin XCBuildConfiguration section */
		A861FF86193E0F7800247AC8 /* Debug */ = {
			isa = XCBuildConfiguration;
			buildSettings = {
				ALWAYS_SEARCH_USER_PATHS = NO;
				CLANG_CXX_LANGUAGE_STANDARD = "gnu++0x";
				CLANG_CXX_LIBRARY = "libc++";
				CLANG_ENABLE_MODULES = YES;
				CLANG_ENABLE_OBJC_ARC = YES;
				CLANG_WARN_BOOL_CONVERSION = YES;
				CLANG_WARN_CONSTANT_CONVERSION = YES;
				CLANG_WARN_DIRECT_OBJC_ISA_USAGE = YES_ERROR;
				CLANG_WARN_EMPTY_BODY = YES;
				CLANG_WARN_ENUM_CONVERSION = YES;
				CLANG_WARN_INT_CONVERSION = YES;
				CLANG_WARN_OBJC_ROOT_CLASS = YES_ERROR;
				CLANG_WARN_UNREACHABLE_CODE = YES;
				CLANG_WARN__DUPLICATE_METHOD_MATCH = YES;
				"CODE_SIGN_IDENTITY[sdk=iphoneos*]" = "iPhone Developer";
				COPY_PHASE_STRIP = NO;
				ENABLE_STRICT_OBJC_MSGSEND = YES;
				GCC_C_LANGUAGE_STANDARD = gnu99;
				GCC_DYNAMIC_NO_PIC = NO;
				GCC_OPTIMIZATION_LEVEL = 0;
				GCC_PREPROCESSOR_DEFINITIONS = (
					"DEBUG=1",
					"$(inherited)",
				);
				GCC_SYMBOLS_PRIVATE_EXTERN = NO;
				GCC_WARN_64_TO_32_BIT_CONVERSION = YES;
				GCC_WARN_ABOUT_RETURN_TYPE = YES_ERROR;
				GCC_WARN_UNDECLARED_SELECTOR = YES;
				GCC_WARN_UNINITIALIZED_AUTOS = YES_AGGRESSIVE;
				GCC_WARN_UNUSED_FUNCTION = YES;
				GCC_WARN_UNUSED_VARIABLE = YES;
				IPHONEOS_DEPLOYMENT_TARGET = 8.0;
				METAL_ENABLE_DEBUG_INFO = YES;
				ONLY_ACTIVE_ARCH = YES;
				SDKROOT = iphoneos;
				SWIFT_OPTIMIZATION_LEVEL = "-Onone";
				TARGETED_DEVICE_FAMILY = "1,2";
			};
			name = Debug;
		};
		A861FF87193E0F7800247AC8 /* Release */ = {
			isa = XCBuildConfiguration;
			buildSettings = {
				ALWAYS_SEARCH_USER_PATHS = NO;
				CLANG_CXX_LANGUAGE_STANDARD = "gnu++0x";
				CLANG_CXX_LIBRARY = "libc++";
				CLANG_ENABLE_MODULES = YES;
				CLANG_ENABLE_OBJC_ARC = YES;
				CLANG_WARN_BOOL_CONVERSION = YES;
				CLANG_WARN_CONSTANT_CONVERSION = YES;
				CLANG_WARN_DIRECT_OBJC_ISA_USAGE = YES_ERROR;
				CLANG_WARN_EMPTY_BODY = YES;
				CLANG_WARN_ENUM_CONVERSION = YES;
				CLANG_WARN_INT_CONVERSION = YES;
				CLANG_WARN_OBJC_ROOT_CLASS = YES_ERROR;
				CLANG_WARN_UNREACHABLE_CODE = YES;
				CLANG_WARN__DUPLICATE_METHOD_MATCH = YES;
				"CODE_SIGN_IDENTITY[sdk=iphoneos*]" = "iPhone Developer";
				COPY_PHASE_STRIP = YES;
				ENABLE_NS_ASSERTIONS = NO;
				ENABLE_STRICT_OBJC_MSGSEND = YES;
				GCC_C_LANGUAGE_STANDARD = gnu99;
				GCC_WARN_64_TO_32_BIT_CONVERSION = YES;
				GCC_WARN_ABOUT_RETURN_TYPE = YES_ERROR;
				GCC_WARN_UNDECLARED_SELECTOR = YES;
				GCC_WARN_UNINITIALIZED_AUTOS = YES_AGGRESSIVE;
				GCC_WARN_UNUSED_FUNCTION = YES;
				GCC_WARN_UNUSED_VARIABLE = YES;
				IPHONEOS_DEPLOYMENT_TARGET = 8.0;
				METAL_ENABLE_DEBUG_INFO = NO;
				SDKROOT = iphoneos;
				TARGETED_DEVICE_FAMILY = "1,2";
				VALIDATE_PRODUCT = YES;
			};
			name = Release;
		};
		A861FF89193E0F7800247AC8 /* Debug */ = {
			isa = XCBuildConfiguration;
			buildSettings = {
				ASSETCATALOG_COMPILER_APPICON_NAME = AppIcon;
				ASSETCATALOG_COMPILER_LAUNCHIMAGE_NAME = LaunchImage;
				CLANG_ENABLE_MODULES = YES;
				INFOPLIST_FILE = WhereBrianAtSwift/Info.plist;
				IPHONEOS_DEPLOYMENT_TARGET = 7.0;
				LD_RUNPATH_SEARCH_PATHS = "$(inherited) @executable_path/Frameworks";
				PRODUCT_NAME = "$(TARGET_NAME)";
				SWIFT_OBJC_BRIDGING_HEADER = "WhereBrianAtSwift/WhereBrianAtSwift-Bridging-Header.h";
				SWIFT_OPTIMIZATION_LEVEL = "-Onone";
			};
			name = Debug;
		};
		A861FF8A193E0F7800247AC8 /* Release */ = {
			isa = XCBuildConfiguration;
			buildSettings = {
				ASSETCATALOG_COMPILER_APPICON_NAME = AppIcon;
				ASSETCATALOG_COMPILER_LAUNCHIMAGE_NAME = LaunchImage;
				CLANG_ENABLE_MODULES = YES;
				INFOPLIST_FILE = WhereBrianAtSwift/Info.plist;
				IPHONEOS_DEPLOYMENT_TARGET = 7.0;
				LD_RUNPATH_SEARCH_PATHS = "$(inherited) @executable_path/Frameworks";
				PRODUCT_NAME = "$(TARGET_NAME)";
				SWIFT_OBJC_BRIDGING_HEADER = "WhereBrianAtSwift/WhereBrianAtSwift-Bridging-Header.h";
			};
			name = Release;
		};
		A861FF8C193E0F7800247AC8 /* Debug */ = {
			isa = XCBuildConfiguration;
			buildSettings = {
				BUNDLE_LOADER = "$(BUILT_PRODUCTS_DIR)/WhereBrianAtSwift.app/WhereBrianAtSwift";
				FRAMEWORK_SEARCH_PATHS = (
					"$(SDKROOT)/Developer/Library/Frameworks",
					"$(inherited)",
				);
				GCC_PREPROCESSOR_DEFINITIONS = (
					"DEBUG=1",
					"$(inherited)",
				);
				INFOPLIST_FILE = WhereBrianAtSwiftTests/Info.plist;
				LD_RUNPATH_SEARCH_PATHS = "$(inherited) @executable_path/Frameworks @loader_path/Frameworks";
				METAL_ENABLE_DEBUG_INFO = YES;
				PRODUCT_NAME = "$(TARGET_NAME)";
				TEST_HOST = "$(BUNDLE_LOADER)";
			};
			name = Debug;
		};
		A861FF8D193E0F7800247AC8 /* Release */ = {
			isa = XCBuildConfiguration;
			buildSettings = {
				BUNDLE_LOADER = "$(BUILT_PRODUCTS_DIR)/WhereBrianAtSwift.app/WhereBrianAtSwift";
				FRAMEWORK_SEARCH_PATHS = (
					"$(SDKROOT)/Developer/Library/Frameworks",
					"$(inherited)",
				);
				INFOPLIST_FILE = WhereBrianAtSwiftTests/Info.plist;
				LD_RUNPATH_SEARCH_PATHS = "$(inherited) @executable_path/Frameworks @loader_path/Frameworks";
				METAL_ENABLE_DEBUG_INFO = NO;
				PRODUCT_NAME = "$(TARGET_NAME)";
				TEST_HOST = "$(BUNDLE_LOADER)";
			};
			name = Release;
		};
/* End XCBuildConfiguration section */

/* Begin XCConfigurationList section */
		A861FF6C193E0F7800247AC8 /* Build configuration list for PBXProject "WhereBrianAtSwift" */ = {
			isa = XCConfigurationList;
			buildConfigurations = (
				A861FF86193E0F7800247AC8 /* Debug */,
				A861FF87193E0F7800247AC8 /* Release */,
			);
			defaultConfigurationIsVisible = 0;
			defaultConfigurationName = Release;
		};
		A861FF88193E0F7800247AC8 /* Build configuration list for PBXNativeTarget "WhereBrianAtSwift" */ = {
			isa = XCConfigurationList;
			buildConfigurations = (
				A861FF89193E0F7800247AC8 /* Debug */,
				A861FF8A193E0F7800247AC8 /* Release */,
			);
			defaultConfigurationIsVisible = 0;
			defaultConfigurationName = Release;
		};
		A861FF8B193E0F7800247AC8 /* Build configuration list for PBXNativeTarget "WhereBrianAtSwiftTests" */ = {
			isa = XCConfigurationList;
			buildConfigurations = (
				A861FF8C193E0F7800247AC8 /* Debug */,
				A861FF8D193E0F7800247AC8 /* Release */,
			);
			defaultConfigurationIsVisible = 0;
			defaultConfigurationName = Release;
		};
/* End XCConfigurationList section */
	};
	rootObject = A861FF69193E0F7800247AC8 /* Project object */;
}
