// !$*UTF8*$!
{
	archiveVersion = 1;
	classes = {
	};
	objectVersion = 46;
	objects = {

/* Begin PBXBuildFile section */
		A861FF77193E0F7800247AC8 /* AppDelegate.swift in Sources */ = {isa = PBXBuildFile; fileRef = A861FF76193E0F7800247AC8 /* AppDelegate.swift */; };
		A861FF79193E0F7800247AC8 /* Images.xcassets in Resources */ = {isa = PBXBuildFile; fileRef = A861FF78193E0F7800247AC8 /* Images.xcassets */; };
		A861FF85193E0F7800247AC8 /* WhereBrianAtSwiftTests.swift in Sources */ = {isa = PBXBuildFile; fileRef = A861FF84193E0F7800247AC8 /* WhereBrianAtSwiftTests.swift */; };
/* End PBXBuildFile section */

/* Begin PBXContainerItemProxy section */
		A861FF7F193E0F7800247AC8 /* PBXContainerItemProxy */ = {
			isa = PBXContainerItemProxy;
			containerPortal = A861FF69193E0F7800247AC8 /* Project object */;
			proxyType = 1;
			remoteGlobalIDString = A861FF70193E0F7800247AC8;
			remoteInfo = WhereBrianAtSwift;
		};
/* End PBXContainerItemProxy section */

/* Begin PBXFileReference section */
		A861FF71193E0F7800247AC8 /* WhereBrianAtSwift.app */ = {isa = PBXFileReference; explicitFileType = wrapper.application; includeInIndex = 0; path = WhereBrianAtSwift.app; sourceTree = BUILT_PRODUCTS_DIR; };
		A861FF75193E0F7800247AC8 /* Info.plist */ = {isa = PBXFileReference; lastKnownFileType = text.plist.xml; path = Info.plist; sourceTree = "<group>"; };
		A861FF76193E0F7800247AC8 /* AppDelegate.swift */ = {isa = PBXFileReference; lastKnownFileType = sourcecode.swift; path = AppDelegate.swift; sourceTree = "<group>"; };
		A861FF78193E0F7800247AC8 /* Images.xcassets */ = {isa = PBXFileReference; lastKnownFileType = folder.assetcatalog; path = Images.xcassets; sourceTree = "<group>"; };
		A861FF7E193E0F7800247AC8 /* WhereBrianAtSwiftTests.xctest */ = {isa = PBXFileReference; explicitFileType = wrapper.cfbundle; includeInIndex = 0; path = WhereBrianAtSwiftTests.xctest; sourceTree = BUILT_PRODUCTS_DIR; };
		A861FF83193E0F7800247AC8 /* Info.plist */ = {isa = PBXFileReference; lastKnownFileType = text.plist.xml; path = Info.plist; sourceTree = "<group>"; };
		A861FF84193E0F7800247AC8 /* WhereBrianAtSwiftTests.swift */ = {isa = PBXFileReference; lastKnownFileType = sourcecode.swift; path = WhereBrianAtSwiftTests.swift; sourceTree = "<group>"; };
/* End PBXFileReference section */

/* Begin PBXFrameworksBuildPhase section */
		A861FF6E193E0F7800247AC8 /* Frameworks */ = {
			isa = PBXFrameworksBuildPhase;
			buildActionMask = 2147483647;
			files = (
			);
			runOnlyForDeploymentPostprocessing = 0;
		};
		A861FF7B193E0F7800247AC8 /* Frameworks */ = {
			isa = PBXFrameworksBuildPhase;
			buildActionMask = 2147483647;
			files = (
			);
			runOnlyForDeploymentPostprocessing = 0;
		};
/* End PBXFrameworksBuildPhase section */

/* Begin PBXGroup section */
		A861FF68193E0F7800247AC8 = {
			isa = PBXGroup;
			children = (
				A861FF73193E0F7800247AC8 /* WhereBrianAtSwift */,
				A861FF81193E0F7800247AC8 /* WhereBrianAtSwiftTests */,
				A861FF72193E0F7800247AC8 /* Products */,
			);
			sourceTree = "<group>";
		};
		A861FF72193E0F7800247AC8 /* Products */ = {
			isa = PBXGroup;
			children = (
				A861FF71193E0F7800247AC8 /* WhereBrianAtSwift.app */,
				A861FF7E193E0F7800247AC8 /* WhereBrianAtSwiftTests.xctest */,
			);
			name = Products;
			sourceTree = "<group>";
		};
		A861FF73193E0F7800247AC8 /* WhereBrianAtSwift */ = {
			isa = PBXGroup;
			children = (
				A861FF76193E0F7800247AC8 /* AppDelegate.swift */,
				A861FF78193E0F7800247AC8 /* Images.xcassets */,
				A861FF74193E0F7800247AC8 /* Supporting Files */,
			);
			path = WhereBrianAtSwift;
			sourceTree = "<group>";
		};
		A861FF74193E0F7800247AC8 /* Supporting Files */ = {
			isa = PBXGroup;
			children = (
				A861FF75193E0F7800247AC8 /* Info.plist */,
			);
			name = "Supporting Files";
			sourceTree = "<group>";
		};
		A861FF81193E0F7800247AC8 /* WhereBrianAtSwiftTests */ = {
			isa = PBXGroup;
			children = (
				A861FF84193E0F7800247AC8 /* WhereBrianAtSwiftTests.swift */,
				A861FF82193E0F7800247AC8 /* Supporting Files */,
			);
			path = WhereBrianAtSwiftTests;
			sourceTree = "<group>";
		};
		A861FF82193E0F7800247AC8 /* Supporting Files */ = {
			isa = PBXGroup;
			children = (
				A861FF83193E0F7800247AC8 /* Info.plist */,
			);
			name = "Supporting Files";
			sourceTree = "<group>";
		};
/* End PBXGroup section */

/* Begin PBXNativeTarget section */
		A861FF70193E0F7800247AC8 /* WhereBrianAtSwift */ = {
			isa = PBXNativeTarget;
			buildConfigurationList = A861FF88193E0F7800247AC8 /* Build configuration list for PBXNativeTarget "WhereBrianAtSwift" */;
			buildPhases = (
				A861FF6D193E0F7800247AC8 /* Sources */,
				A861FF6E193E0F7800247AC8 /* Frameworks */,
				A861FF6F193E0F7800247AC8 /* Resources */,
			);
			buildRules = (
			);
			dependencies = (
			);
			name = WhereBrianAtSwift;
			productName = WhereBrianAtSwift;
			productReference = A861FF71193E0F7800247AC8 /* WhereBrianAtSwift.app */;
			productType = "com.apple.product-type.application";
		};
		A861FF7D193E0F7800247AC8 /* WhereBrianAtSwiftTests */ = {
			isa = PBXNativeTarget;
			buildConfigurationList = A861FF8B193E0F7800247AC8 /* Build configuration list for PBXNativeTarget "WhereBrianAtSwiftTests" */;
			buildPhases = (
				A861FF7A193E0F7800247AC8 /* Sources */,
				A861FF7B193E0F7800247AC8 /* Frameworks */,
				A861FF7C193E0F7800247AC8 /* Resources */,
			);
			buildRules = (
			);
			dependencies = (
				A861FF80193E0F7800247AC8 /* PBXTargetDependency */,
			);
			name = WhereBrianAtSwiftTests;
			productName = WhereBrianAtSwiftTests;
			productReference = A861FF7E193E0F7800247AC8 /* WhereBrianAtSwiftTests.xctest */;
			productType = "com.apple.product-type.bundle.unit-test";
		};
/* End PBXNativeTarget section */

/* Begin PBXProject section */
		A861FF69193E0F7800247AC8 /* Project object */ = {
			isa = PBXProject;
			attributes = {
				LastUpgradeCheck = 0600;
				ORGANIZATIONNAME = "Brian Donohue";
				TargetAttributes = {
					A861FF70193E0F7800247AC8 = {
						CreatedOnToolsVersion = 6.0;
					};
					A861FF7D193E0F7800247AC8 = {
						CreatedOnToolsVersion = 6.0;
						TestTargetID = A861FF70193E0F7800247AC8;
					};
				};
			};
			buildConfigurationList = A861FF6C193E0F7800247AC8 /* Build configuration list for PBXProject "WhereBrianAtSwift" */;
			compatibilityVersion = "Xcode 3.2";
			developmentRegion = English;
			hasScannedForEncodings = 0;
			knownRegions = (
				en,
			);
			mainGroup = A861FF68193E0F7800247AC8;
			productRefGroup = A861FF72193E0F7800247AC8 /* Products */;
			projectDirPath = "";
			projectRoot = "";
			targets = (
				A861FF70193E0F7800247AC8 /* WhereBrianAtSwift */,
				A861FF7D193E0F7800247AC8 /* WhereBrianAtSwiftTests */,
			);
		};
/* End PBXProject section */

/* Begin PBXResourcesBuildPhase section */
		A861FF6F193E0F7800247AC8 /* Resources */ = {
			isa = PBXResourcesBuildPhase;
			buildActionMask = 2147483647;
			files = (
				A861FF79193E0F7800247AC8 /* Images.xcassets in Resources */,
			);
			runOnlyForDeploymentPostprocessing = 0;
		};
		A861FF7C193E0F7800247AC8 /* Resources */ = {
			isa = PBXResourcesBuildPhase;
			buildActionMask = 2147483647;
			files = (
			);
			runOnlyForDeploymentPostprocessing = 0;
		};
/* End PBXResourcesBuildPhase section */

/* Begin PBXSourcesBuildPhase section */
		A861FF6D193E0F7800247AC8 /* Sources */ = {
			isa = PBXSourcesBuildPhase;
			buildActionMask = 2147483647;
			files = (
				A861FF77193E0F7800247AC8 /* AppDelegate.swift in Sources */,
			);
			runOnlyForDeploymentPostprocessing = 0;
		};
		A861FF7A193E0F7800247AC8 /* Sources */ = {
			isa = PBXSourcesBuildPhase;
			buildActionMask = 2147483647;
			files = (
				A861FF85193E0F7800247AC8 /* WhereBrianAtSwiftTests.swift in Sources */,
			);
			runOnlyForDeploymentPostprocessing = 0;
		};
/* End PBXSourcesBuildPhase section */

/* Begin PBXTargetDependency section */
		A861FF80193E0F7800247AC8 /* PBXTargetDependency */ = {
			isa = PBXTargetDependency;
			target = A861FF70193E0F7800247AC8 /* WhereBrianAtSwift */;
			targetProxy = A861FF7F193E0F7800247AC8 /* PBXContainerItemProxy */;
		};
/* End PBXTargetDependency section */

/* Begin XCBuildConfiguration section */
		A861FF86193E0F7800247AC8 /* Debug */ = {
			isa = XCBuildConfiguration;
			buildSettings = {
				ALWAYS_SEARCH_USER_PATHS = NO;
				CLANG_CXX_LANGUAGE_STANDARD = "gnu++0x";
				CLANG_CXX_LIBRARY = "libc++";
				CLANG_ENABLE_MODULES = YES;
				CLANG_ENABLE_OBJC_ARC = YES;
				CLANG_WARN_BOOL_CONVERSION = YES;
				CLANG_WARN_CONSTANT_CONVERSION = YES;
				CLANG_WARN_DIRECT_OBJC_ISA_USAGE = YES_ERROR;
				CLANG_WARN_EMPTY_BODY = YES;
				CLANG_WARN_ENUM_CONVERSION = YES;
				CLANG_WARN_INT_CONVERSION = YES;
				CLANG_WARN_OBJC_ROOT_CLASS = YES_ERROR;
				CLANG_WARN_UNREACHABLE_CODE = YES;
				CLANG_WARN__DUPLICATE_METHOD_MATCH = YES;
				"CODE_SIGN_IDENTITY[sdk=iphoneos*]" = "iPhone Developer";
				COPY_PHASE_STRIP = NO;
				ENABLE_STRICT_OBJC_MSGSEND = YES;
				GCC_C_LANGUAGE_STANDARD = gnu99;
				GCC_DYNAMIC_NO_PIC = NO;
				GCC_OPTIMIZATION_LEVEL = 0;
				GCC_PREPROCESSOR_DEFINITIONS = (
					"DEBUG=1",
					"$(inherited)",
				);
				GCC_SYMBOLS_PRIVATE_EXTERN = NO;
				GCC_WARN_64_TO_32_BIT_CONVERSION = YES;
				GCC_WARN_ABOUT_RETURN_TYPE = YES_ERROR;
				GCC_WARN_UNDECLARED_SELECTOR = YES;
				GCC_WARN_UNINITIALIZED_AUTOS = YES_AGGRESSIVE;
				GCC_WARN_UNUSED_FUNCTION = YES;
				GCC_WARN_UNUSED_VARIABLE = YES;
				IPHONEOS_DEPLOYMENT_TARGET = 8.0;
				METAL_ENABLE_DEBUG_INFO = YES;
				ONLY_ACTIVE_ARCH = YES;
				SDKROOT = iphoneos;
				SWIFT_OPTIMIZATION_LEVEL = "-Onone";
				TARGETED_DEVICE_FAMILY = "1,2";
			};
			name = Debug;
		};
		A861FF87193E0F7800247AC8 /* Release */ = {
			isa = XCBuildConfiguration;
			buildSettings = {
				ALWAYS_SEARCH_USER_PATHS = NO;
				CLANG_CXX_LANGUAGE_STANDARD = "gnu++0x";
				CLANG_CXX_LIBRARY = "libc++";
				CLANG_ENABLE_MODULES = YES;
				CLANG_ENABLE_OBJC_ARC = YES;
				CLANG_WARN_BOOL_CONVERSION = YES;
				CLANG_WARN_CONSTANT_CONVERSION = YES;
				CLANG_WARN_DIRECT_OBJC_ISA_USAGE = YES_ERROR;
				CLANG_WARN_EMPTY_BODY = YES;
				CLANG_WARN_ENUM_CONVERSION = YES;
				CLANG_WARN_INT_CONVERSION = YES;
				CLANG_WARN_OBJC_ROOT_CLASS = YES_ERROR;
				CLANG_WARN_UNREACHABLE_CODE = YES;
				CLANG_WARN__DUPLICATE_METHOD_MATCH = YES;
				"CODE_SIGN_IDENTITY[sdk=iphoneos*]" = "iPhone Developer";
				COPY_PHASE_STRIP = YES;
				ENABLE_NS_ASSERTIONS = NO;
				ENABLE_STRICT_OBJC_MSGSEND = YES;
				GCC_C_LANGUAGE_STANDARD = gnu99;
				GCC_WARN_64_TO_32_BIT_CONVERSION = YES;
				GCC_WARN_ABOUT_RETURN_TYPE = YES_ERROR;
				GCC_WARN_UNDECLARED_SELECTOR = YES;
				GCC_WARN_UNINITIALIZED_AUTOS = YES_AGGRESSIVE;
				GCC_WARN_UNUSED_FUNCTION = YES;
				GCC_WARN_UNUSED_VARIABLE = YES;
				IPHONEOS_DEPLOYMENT_TARGET = 8.0;
				METAL_ENABLE_DEBUG_INFO = NO;
				SDKROOT = iphoneos;
				TARGETED_DEVICE_FAMILY = "1,2";
				VALIDATE_PRODUCT = YES;
			};
			name = Release;
		};
		A861FF89193E0F7800247AC8 /* Debug */ = {
			isa = XCBuildConfiguration;
			buildSettings = {
				ASSETCATALOG_COMPILER_APPICON_NAME = AppIcon;
				ASSETCATALOG_COMPILER_LAUNCHIMAGE_NAME = LaunchImage;
				INFOPLIST_FILE = WhereBrianAtSwift/Info.plist;
				LD_RUNPATH_SEARCH_PATHS = "$(inherited) @executable_path/Frameworks";
				PRODUCT_NAME = "$(TARGET_NAME)";
			};
			name = Debug;
		};
		A861FF8A193E0F7800247AC8 /* Release */ = {
			isa = XCBuildConfiguration;
			buildSettings = {
				ASSETCATALOG_COMPILER_APPICON_NAME = AppIcon;
				ASSETCATALOG_COMPILER_LAUNCHIMAGE_NAME = LaunchImage;
				INFOPLIST_FILE = WhereBrianAtSwift/Info.plist;
				LD_RUNPATH_SEARCH_PATHS = "$(inherited) @executable_path/Frameworks";
				PRODUCT_NAME = "$(TARGET_NAME)";
			};
			name = Release;
		};
		A861FF8C193E0F7800247AC8 /* Debug */ = {
			isa = XCBuildConfiguration;
			buildSettings = {
				BUNDLE_LOADER = "$(BUILT_PRODUCTS_DIR)/WhereBrianAtSwift.app/WhereBrianAtSwift";
				FRAMEWORK_SEARCH_PATHS = (
					"$(SDKROOT)/Developer/Library/Frameworks",
					"$(inherited)",
				);
				GCC_PREPROCESSOR_DEFINITIONS = (
					"DEBUG=1",
					"$(inherited)",
				);
				INFOPLIST_FILE = WhereBrianAtSwiftTests/Info.plist;
				LD_RUNPATH_SEARCH_PATHS = "$(inherited) @executable_path/Frameworks @loader_path/Frameworks";
				METAL_ENABLE_DEBUG_INFO = YES;
				PRODUCT_NAME = "$(TARGET_NAME)";
				TEST_HOST = "$(BUNDLE_LOADER)";
			};
			name = Debug;
		};
		A861FF8D193E0F7800247AC8 /* Release */ = {
			isa = XCBuildConfiguration;
			buildSettings = {
				BUNDLE_LOADER = "$(BUILT_PRODUCTS_DIR)/WhereBrianAtSwift.app/WhereBrianAtSwift";
				FRAMEWORK_SEARCH_PATHS = (
					"$(SDKROOT)/Developer/Library/Frameworks",
					"$(inherited)",
				);
				INFOPLIST_FILE = WhereBrianAtSwiftTests/Info.plist;
				LD_RUNPATH_SEARCH_PATHS = "$(inherited) @executable_path/Frameworks @loader_path/Frameworks";
				METAL_ENABLE_DEBUG_INFO = NO;
				PRODUCT_NAME = "$(TARGET_NAME)";
				TEST_HOST = "$(BUNDLE_LOADER)";
			};
			name = Release;
		};
/* End XCBuildConfiguration section */

/* Begin XCConfigurationList section */
		A861FF6C193E0F7800247AC8 /* Build configuration list for PBXProject "WhereBrianAtSwift" */ = {
			isa = XCConfigurationList;
			buildConfigurations = (
				A861FF86193E0F7800247AC8 /* Debug */,
				A861FF87193E0F7800247AC8 /* Release */,
			);
			defaultConfigurationIsVisible = 0;
			defaultConfigurationName = Release;
		};
		A861FF88193E0F7800247AC8 /* Build configuration list for PBXNativeTarget "WhereBrianAtSwift" */ = {
			isa = XCConfigurationList;
			buildConfigurations = (
				A861FF89193E0F7800247AC8 /* Debug */,
				A861FF8A193E0F7800247AC8 /* Release */,
			);
			defaultConfigurationIsVisible = 0;
		};
		A861FF8B193E0F7800247AC8 /* Build configuration list for PBXNativeTarget "WhereBrianAtSwiftTests" */ = {
			isa = XCConfigurationList;
			buildConfigurations = (
				A861FF8C193E0F7800247AC8 /* Debug */,
				A861FF8D193E0F7800247AC8 /* Release */,
			);
			defaultConfigurationIsVisible = 0;
		};
/* End XCConfigurationList section */
	};
	rootObject = A861FF69193E0F7800247AC8 /* Project object */;
}
